
Microsoft Visual Studio Solution File, Format Version 12.00
# Visual Studio Version 17
VisualStudioVersion = 17.5.33516.290
MinimumVisualStudioVersion = 10.0.40219.1
Project("{FAE04EC0-301F-11D3-BF4B-00C04F79EFBC}") = "Ex3Lab2", "Ex3Lab2\Ex3Lab2.csproj", "{58A54DAF-3BDE-4824-94C8-03DB95D5E1AD}"
EndProject
Global
	GlobalSection(SolutionConfigurationPlatforms) = preSolution
		Debug|Any CPU = Debug|Any CPU
		Release|Any CPU = Release|Any CPU
	EndGlobalSection
	GlobalSection(ProjectConfigurationPlatforms) = postSolution
		{58A54DAF-3BDE-4824-94C8-03DB95D5E1AD}.Debug|Any CPU.ActiveCfg = Debug|Any CPU
		{58A54DAF-3BDE-4824-94C8-03DB95D5E1AD}.Debug|Any CPU.Build.0 = Debug|Any CPU
		{58A54DAF-3BDE-4824-94C8-03DB95D5E1AD}.Release|Any CPU.ActiveCfg = Release|Any CPU
		{58A54DAF-3BDE-4824-94C8-03DB95D5E1AD}.Release|Any CPU.Build.0 = Release|Any CPU
	EndGlobalSection
	GlobalSection(SolutionProperties) = preSolution
		HideSolutionNode = FALSE
	EndGlobalSection
	GlobalSection(ExtensibilityGlobals) = postSolution
		SolutionGuid = {9A3B3418-82B1-49D9-8D08-3BC1AB78951A}
	EndGlobalSection
EndGlobal
